{
  "name": "godmod3-ace-editor-demo",
  "version": "0.1.0",
  "lockfileVersion": 3,
  "requires": true,
  "packages": {
    "": {
      "name": "godmod3-ace-editor-demo",
      "version": "0.1.0",
      "hasInstallScript": true,
      "dependencies": {
        "ace-builds": "^1.44.0"
      }
    },
    "node_modules/ace-builds": {
      "version": "1.44.0",
      "resolved": "https://registry.npmjs.org/ace-builds/-/ace-builds-1.44.0.tgz",
      "integrity": "sha512-PFNMSYqFdEUkul2Ntud0HvA09AgY+F1ag0UYdpMH60wNI/qOA8cB8tlTgoALMEwIdUPJK2CjrIQ7OnbiSS/ugQ==",
      "license": "BSD-3-Clause"
    }
  }
}
